
Microsoft Visual Studio Solution File, Format Version 12.00
# Visual Studio Version 16
VisualStudioVersion = 16.0.31613.86
MinimumVisualStudioVersion = 10.0.40219.1
Project("{9A19103F-16F7-4668-BE54-9A1E7A4F7556}") = "EmployeePerfomance.Web", "EmployeePerfomance.Web\EmployeePerfomance.Web.csproj", "{EAA3A30D-0DFB-477E-BF01-F46C6ADB7087}"
EndProject
Project("{9A19103F-16F7-4668-BE54-9A1E7A4F7556}") = "EmployeePerfomance.DataAccessLayer", "EmployeePerfomance.DataAccessLayer\EmployeePerfomance.DataAccessLayer.csproj", "{937E04E9-AD6D-46F8-88A6-13882D3048A6}"
EndProject
Project("{FAE04EC0-301F-11D3-BF4B-00C04F79EFBC}") = "EmployeePerfomance.BusinessLogic", "EmployeePerfomance.BusinessLogic\EmployeePerfomance.BusinessLogic.csproj", "{2A21DB87-4154-4248-BBD0-022F0AB2000E}"
EndProject
Global
	GlobalSection(SolutionConfigurationPlatforms) = preSolution
		Debug|Any CPU = Debug|Any CPU
		Release|Any CPU = Release|Any CPU
	EndGlobalSection
	GlobalSection(ProjectConfigurationPlatforms) = postSolution
		{EAA3A30D-0DFB-477E-BF01-F46C6ADB7087}.Debug|Any CPU.ActiveCfg = Debug|Any CPU
		{EAA3A30D-0DFB-477E-BF01-F46C6ADB7087}.Debug|Any CPU.Build.0 = Debug|Any CPU
		{EAA3A30D-0DFB-477E-BF01-F46C6ADB7087}.Release|Any CPU.ActiveCfg = Release|Any CPU
		{EAA3A30D-0DFB-477E-BF01-F46C6ADB7087}.Release|Any CPU.Build.0 = Release|Any CPU
		{937E04E9-AD6D-46F8-88A6-13882D3048A6}.Debug|Any CPU.ActiveCfg = Debug|Any CPU
		{937E04E9-AD6D-46F8-88A6-13882D3048A6}.Debug|Any CPU.Build.0 = Debug|Any CPU
		{937E04E9-AD6D-46F8-88A6-13882D3048A6}.Release|Any CPU.ActiveCfg = Release|Any CPU
		{937E04E9-AD6D-46F8-88A6-13882D3048A6}.Release|Any CPU.Build.0 = Release|Any CPU
		{2A21DB87-4154-4248-BBD0-022F0AB2000E}.Debug|Any CPU.ActiveCfg = Debug|Any CPU
		{2A21DB87-4154-4248-BBD0-022F0AB2000E}.Debug|Any CPU.Build.0 = Debug|Any CPU
		{2A21DB87-4154-4248-BBD0-022F0AB2000E}.Release|Any CPU.ActiveCfg = Release|Any CPU
		{2A21DB87-4154-4248-BBD0-022F0AB2000E}.Release|Any CPU.Build.0 = Release|Any CPU
	EndGlobalSection
	GlobalSection(SolutionProperties) = preSolution
		HideSolutionNode = FALSE
	EndGlobalSection
	GlobalSection(ExtensibilityGlobals) = postSolution
		SolutionGuid = {A81970F4-583A-46D4-91A8-F8D8F9F0E688}
	EndGlobalSection
EndGlobal
